{
  "version": "2",
  "remote": {
    "https://deno.land/std@0.180.0/_util/asserts.ts": "178dfc49a464aee693a7e285567b3d0b555dc805ff490505a8aae34f9cfb1462",
    "https://deno.land/std@0.180.0/bytes/copy.ts": "939d89e302a9761dcf1d9c937c7711174ed74c59eef40a1e4569a05c9de88219",
    "https://deno.land/std@0.180.0/io/buffer.ts": "e2b7564f684dad625cab08f5106f33572d325705d19a36822b3272fbdfb8f726",
    "https://deno.land/std@0.180.0/streams/read_all.ts": "bfa220b0e1d06fa4d0cb5178baba8f8b466019a7411511982bfa2320ca292815",
    "https://deno.land/std@0.180.0/types.d.ts": "220ed56662a0bd393ba5d124aa6ae2ad36a00d2fcbc0e8666a65f4606aaa9784",
    "https://deno.land/std@0.190.0/_util/asserts.ts": "178dfc49a464aee693a7e285567b3d0b555dc805ff490505a8aae34f9cfb1462",
    "https://deno.land/std@0.190.0/_util/os.ts": "d932f56d41e4f6a6093d56044e29ce637f8dcc43c5a90af43504a889cf1775e3",
    "https://deno.land/std@0.190.0/bytes/copy.ts": "939d89e302a9761dcf1d9c937c7711174ed74c59eef40a1e4569a05c9de88219",
    "https://deno.land/std@0.190.0/io/buffer.ts": "17f4410eaaa60a8a85733e8891349a619eadfbbe42e2f319283ce2b8f29723ab",
    "https://deno.land/std@0.190.0/path/_constants.ts": "e49961f6f4f48039c0dfed3c3f93e963ca3d92791c9d478ac5b43183413136e0",
    "https://deno.land/std@0.190.0/path/_interface.ts": "6471159dfbbc357e03882c2266d21ef9afdb1e4aa771b0545e90db58a0ba314b",
    "https://deno.land/std@0.190.0/path/_util.ts": "d7abb1e0dea065f427b89156e28cdeb32b045870acdf865833ba808a73b576d0",
    "https://deno.land/std@0.190.0/path/common.ts": "ee7505ab01fd22de3963b64e46cff31f40de34f9f8de1fff6a1bd2fe79380000",
    "https://deno.land/std@0.190.0/path/glob.ts": "d479e0a695621c94d3fd7fe7abd4f9499caf32a8de13f25073451c6ef420a4e1",
    "https://deno.land/std@0.190.0/path/mod.ts": "ee161baec5ded6510ee1d1fb6a75a0f5e4b41f3f3301c92c716ecbdf7dae910d",
    "https://deno.land/std@0.190.0/path/posix.ts": "8b7c67ac338714b30c816079303d0285dd24af6b284f7ad63da5b27372a2c94d",
    "https://deno.land/std@0.190.0/path/separator.ts": "0fb679739d0d1d7bf45b68dacfb4ec7563597a902edbaf3c59b50d5bcadd93b1",
    "https://deno.land/std@0.190.0/path/win32.ts": "d186344e5583bcbf8b18af416d13d82b35a317116e6460a5a3953508c3de5bba",
    "https://deno.land/std@0.190.0/streams/read_all.ts": "ee319772fb0fd28302f97343cc48dfcf948f154fd0d755d8efe65814b70533be",
    "https://deno.land/std@0.190.0/types.d.ts": "dbaeb2c4d7c526db9828fc8df89d8aecf53b9ced72e0c4568f97ddd8cda616a4",
    "https://deno.land/std@0.69.0/encoding/base64.ts": "79c67b8a9d911eff89cafd84749587a2851a7bb3bed4e952f6cf4c2ff97ae120",
    "https://deno.land/std@0.69.0/encoding/hex.ts": "8dc1489e66b22fec26950c7a55391b12be0d9f9a80cbc7b422700cdff85cd2f7",
    "https://deno.land/std@0.69.0/encoding/utf8.ts": "8654fa820aa69a37ec5eb11908e20b39d056c9bf1c23ab294303ff467f3d50a1",
    "https://deno.land/std@0.69.0/fmt/colors.ts": "ce9375edade12ca09c257743f223fc469d72578d0c74a55cbf1a34f6198ce3df",
    "https://deno.land/std@0.69.0/hash/_wasm/hash.ts": "005f64c4d9343ecbc91e0da9ae5e800f146c20930ad829bbb872c5c06bd89c5f",
    "https://deno.land/std@0.69.0/hash/_wasm/wasm.js": "10c91f7551443bd49b8ced10df7d5c2ce9a447d224eccc6d51f77730e074cdfe",
    "https://deno.land/std@0.69.0/hash/hasher.ts": "099c9e2a91b9f106b9f01379705e17e7d9de392ee1ea2b8684a2adfa82ac3bfc",
    "https://deno.land/std@0.69.0/hash/mod.ts": "e764a6a9ab2f5519a97f928e17cc13d984e3dd5c7f742ff9c1c8fb3114790f0c",
    "https://deno.land/x/debug@0.2.0/colors.ts": "a05af5a6bc4fabb79db34ca215f177f010eafe09a3cd2278e142a122bfab5585",
    "https://deno.land/x/debug@0.2.0/debug.ts": "6378213af1826e6ad870d8ffb075336ce64ea33b472ea952a38fcd6b68ee54ec",
    "https://deno.land/x/debug@0.2.0/deps.ts": "c00793c24e4d0a15c796c7ef3b9a9a3ac4ea06cad9ef7c68bcb538310e262ea0",
    "https://deno.land/x/debug@0.2.0/format.ts": "e5c81071cdb2e529b2dc3aa379428217a49af45bf59b6511812e2bba9023f1bc",
    "https://deno.land/x/debug@0.2.0/mod.ts": "32e961550c7358a88a9bb2606ac70eeb168305298f5ae1e9536018d8f0c54118",
    "https://deno.land/x/quiet_debug@v1.0.0/mod.ts": "4f21865c4b4f5ec27f8a4c5fb620b24401b76590688d7fe34bc5f862d0c4a335",
    "https://deno.land/x/superserial@0.3.4/deserialize.ts": "444c0d2017bc30665c0db00dd1980e35b53fbe2aa1ce1fcda45e7c5d4609ffce",
    "https://deno.land/x/superserial@0.3.4/mod.ts": "c3202f75812fc7e81088bebfa40b7901d3fa58724380707438a569d6a2e0ec47",
    "https://deno.land/x/superserial@0.3.4/parse.ts": "9fab6ce12f5879265fd0cf2898b06014d419e5193dc1656547153f267abd184e",
    "https://deno.land/x/superserial@0.3.4/serialize.ts": "d06b863ee27dadb56e9e67e6a72bf3e1ba8be146c46c59f3a95b88e725182b2b",
    "https://deno.land/x/superserial@0.3.4/serializer.ts": "92fc99459d7daf2d6dce1d0b320fc63eb379d93023bd9f1720ebd310699c4a72",
    "https://deno.land/x/superserial@0.3.4/symbol.ts": "1b2d5edbe4876716ca75ec37be691bc217cdda702f39c4d7541aec604e01abac",
    "https://deno.land/x/superserial@0.3.4/types.ts": "ff18d7a3a52b549928392c2de8c12193abf184f0ecf8ec259de3a8f87cd3ffe3",
    "https://esm.sh/serializr@3.0.2": "d7c89d8c23571c547441e57fd3af58ec51e492250c4ad0392e957cfaea1839a4",
    "https://esm.sh/v118/chart.js@4.0.1/dist/chunks/helpers.core.d.ts": "aa16b7d7edd51d5aeca0bf9b2846fb254cb5b56995472b98d604d9aaadfd112c",
    "https://esm.sh/v124/serializr@3.0.2/deno/serializr.mjs": "1506f299806430a1f51f42a2d86d48240a7402dfe6c90e8a42a3a547b873af97",
    "https://esm.sh/v124/serializr@3.0.2/lib/api/createModelSchema.d.ts": "831482df754fa607a9b8e0ab62a60d48925c037e4c006f88a8338913e0b03a55",
    "https://esm.sh/v124/serializr@3.0.2/lib/api/createSimpleSchema.d.ts": "c282aab87b5c70cc7ed59c39ad186c8ebab11cbd6a3c0a1a74e9b7eba243a42e",
    "https://esm.sh/v124/serializr@3.0.2/lib/api/getDefaultModelSchema.d.ts": "834ae82e70d98a31a5bd39eff4ec392b2065a4ba45862e36d85d5cf93158240c",
    "https://esm.sh/v124/serializr@3.0.2/lib/api/serializable.d.ts": "b4bd581b7a7d7ac78fc78f69d59a6f3b0026db9e850ee5ee9a5137cb181d72db",
    "https://esm.sh/v124/serializr@3.0.2/lib/api/setDefaultModelSchema.d.ts": "9b61f3c37c2b63f104f7c862fb1fbd7904b4d091ca2576d3a007b0271cd2e7c6",
    "https://esm.sh/v124/serializr@3.0.2/lib/api/types.d.ts": "590142f8c487d59742c71884d76d0736911bb609349d269dcf1231860639513c",
    "https://esm.sh/v124/serializr@3.0.2/lib/constants.d.ts": "5082df2629b42f342c80e0a27cbb942bbfa1de0f4e4f7a8d99318fa3556039ac",
    "https://esm.sh/v124/serializr@3.0.2/lib/core/Context.d.ts": "b13730acaa736a3d1acfafe87fa8a31a33c8955afbf88545474794bf314b07a1",
    "https://esm.sh/v124/serializr@3.0.2/lib/core/cancelDeserialize.d.ts": "7f11c28ebab250d200f2be2626ebe8261fa4d272a696967c08bf57c1cbe01ef4",
    "https://esm.sh/v124/serializr@3.0.2/lib/core/deserialize.d.ts": "df9d61d5fd427e9898d6955babcecbf5aadd3f45eb9fb797677dc263b6c817f7",
    "https://esm.sh/v124/serializr@3.0.2/lib/core/serialize.d.ts": "821c1885feb82a359290b3156f7bc766d4d326f9bd41ec54b6b9401b84530a60",
    "https://esm.sh/v124/serializr@3.0.2/lib/core/serializeAll.d.ts": "b3a1a3519e21496e45032a9ac287a450dabe35c46894d7d13c4622a77d26757d",
    "https://esm.sh/v124/serializr@3.0.2/lib/core/subSchema.d.ts": "8a046a80a7b576671279758409790a117af5414151a64ecea285f4ab5cc3bad8",
    "https://esm.sh/v124/serializr@3.0.2/lib/core/update.d.ts": "429280e0f593dae180744148cf91652686568f7d533fd6b0fffc55e3f4f52587",
    "https://esm.sh/v124/serializr@3.0.2/lib/serializr.d.ts": "13d4fa8f8ec4822dc8e3dff4610cdcdec37ff3c1c7247199b468fa724b26c817",
    "https://esm.sh/v124/serializr@3.0.2/lib/types/alias.d.ts": "c0d658d17944733a306c34636ca424c7e7f1ca202693898b3eb806f6796ad828",
    "https://esm.sh/v124/serializr@3.0.2/lib/types/custom.d.ts": "16d11892d4d383c0dc39303839ebf288a6f124f31a3029d9c7fd2ea311ada305",
    "https://esm.sh/v124/serializr@3.0.2/lib/types/date.d.ts": "32fc5dcd1854ffcd322211ff1c106481f916643aecf25c497a44d9b9385682b7",
    "https://esm.sh/v124/serializr@3.0.2/lib/types/identifier.d.ts": "c259d7346d48f027422958464971662202bce01243fe1e845b80e93e4a851138",
    "https://esm.sh/v124/serializr@3.0.2/lib/types/list.d.ts": "cb5fc9987f06397b70e9503f7a765b496a8caef6eab465bc3c53d4c1ed900df1",
    "https://esm.sh/v124/serializr@3.0.2/lib/types/map.d.ts": "2a30cedca46baddb7e8c76f655e5e2019dccc8e44673444a3860143cb22123e7",
    "https://esm.sh/v124/serializr@3.0.2/lib/types/mapAsArray.d.ts": "b150ccb2b8f09145685ec6532108320ece8a41b42c173d99a12cb91e7c2f4b63",
    "https://esm.sh/v124/serializr@3.0.2/lib/types/object.d.ts": "08609bc672d99ca3fff622fa00246c44413c074a368740fbac1ed713418eb100",
    "https://esm.sh/v124/serializr@3.0.2/lib/types/optional.d.ts": "914c882fc881b44c50d41f76600063a989708c0f8e6b3368447b706c03109d55",
    "https://esm.sh/v124/serializr@3.0.2/lib/types/primitive.d.ts": "a8e7a756d892336dff589269239fbb8869c98fdcbfb85e2fc6fad8726a0a99a0",
    "https://esm.sh/v124/serializr@3.0.2/lib/types/raw.d.ts": "20e5e1792ba1b0dc2092cf03d4a562dd49f20281c3c554e16d2290759a160e8b",
    "https://esm.sh/v124/serializr@3.0.2/lib/types/reference.d.ts": "58d0921bc27c46b6011b97826240bb18ccf67238b4d14e872ee3a88425215932"
  },
  "npm": {
    "specifiers": {
      "serializr": "serializr@3.0.2",
      "serializr@3.0.2": "serializr@3.0.2"
    },
    "packages": {
      "serializr@3.0.2": {
        "integrity": "sha512-bCACTuCiAEjtk1NxkATc3yz2j/8OoaWYxRkC4D5yq0ikZeLO7KLmmI/owmvJ/N4vS9SX4fZTXgSmsNzWtxDJ/Q==",
        "dependencies": {}
      }
    }
  }
}
