{
  "version": "3",
  "packages": {
    "specifiers": {
      "npm:dayjs@1.11.10": "npm:dayjs@1.11.10",
      "npm:lock-queue@1.0.1": "npm:lock-queue@1.0.1",
      "npm:serializr@3.0.2": "npm:serializr@3.0.2"
    },
    "npm": {
      "bluebird@2.11.0": {
        "integrity": "sha512-UfFSr22dmHPQqPP9XWHRhq+gWnHCYguQGkXQlbyPtW5qTnhFWA8/iXg765tH0cAjy7l/zPJ1aBTO0g5XgA7kvQ==",
        "dependencies": {}
      },
      "co-bluebird@1.1.0": {
        "integrity": "sha512-JuoemMXxQjYAxbfRrNpOsLyiwDiY8mXvGqJyYLM7jMySDJtnMklW3V2o8uyubpc1eN2YoRsAdfZ1lfKCd3lsrA==",
        "dependencies": {
          "bluebird": "bluebird@2.11.0",
          "co-use": "co-use@1.1.0"
        }
      },
      "co-use@1.1.0": {
        "integrity": "sha512-1lVRtdywv41zQO/xvI2wU8w6oFcUYT6T84YKSxN25KN4N4Kld3scLovt8FjDmD63Cm7HtyRWHjezt+IanXmkyA==",
        "dependencies": {}
      },
      "dayjs@1.11.10": {
        "integrity": "sha512-vjAczensTgRcqDERK0SR2XMwsF/tSvnvlv6VcF2GIhg6Sx4yOIt/irsr1RDJsKiIyBzJDpCoXiWWq28MqH2cnQ==",
        "dependencies": {}
      },
      "is-generator@1.0.3": {
        "integrity": "sha512-G56jBpbJeg7ds83HW1LuShNs8J73Fv3CPz/bmROHOHlnKkN8sWb9ujiagjmxxMUywftgq48HlBZELKKqFLk0oA==",
        "dependencies": {}
      },
      "lock-queue@1.0.1": {
        "integrity": "sha512-axSXruUPzFIxcocEsZxVNGvTV8acnwUq5m4+jIcV8P2mEHITwwoQZG20pQQQB4KrOWzX3G0r1YHLMiDmmVFu/g==",
        "dependencies": {
          "bluebird": "bluebird@2.11.0",
          "promisify-any": "promisify-any@2.0.1"
        }
      },
      "promisify-any@2.0.1": {
        "integrity": "sha512-pVaGouFbTVxqpVJ+T5A15olNJDASAZHYq5cXz6mWdr6/X34mVWiG9MSdzHTcVBCv4aqBP7wGspi7BUSRbEmhsw==",
        "dependencies": {
          "bluebird": "bluebird@2.11.0",
          "co-bluebird": "co-bluebird@1.1.0",
          "is-generator": "is-generator@1.0.3"
        }
      },
      "serializr@3.0.2": {
        "integrity": "sha512-bCACTuCiAEjtk1NxkATc3yz2j/8OoaWYxRkC4D5yq0ikZeLO7KLmmI/owmvJ/N4vS9SX4fZTXgSmsNzWtxDJ/Q==",
        "dependencies": {}
      }
    }
  },
  "remote": {
    "https://deno.land/std@0.201.0/assert/assert.ts": "9a97dad6d98c238938e7540736b826440ad8c1c1e54430ca4c4e623e585607ee",
    "https://deno.land/std@0.201.0/assert/assertion_error.ts": "4d0bde9b374dfbcbe8ac23f54f567b77024fb67dbb1906a852d67fe050d42f56",
    "https://deno.land/std@0.201.0/path/_basename.ts": "057d420c9049821f983f784fd87fa73ac471901fb628920b67972b0f44319343",
    "https://deno.land/std@0.201.0/path/_constants.ts": "e49961f6f4f48039c0dfed3c3f93e963ca3d92791c9d478ac5b43183413136e0",
    "https://deno.land/std@0.201.0/path/_dirname.ts": "355e297236b2218600aee7a5301b937204c62e12da9db4b0b044993d9e658395",
    "https://deno.land/std@0.201.0/path/_extname.ts": "eaaa5aae1acf1f03254d681bd6a8ce42a9cb5b7ff2213a9d4740e8ab31283664",
    "https://deno.land/std@0.201.0/path/_format.ts": "4a99270d6810f082e614309164fad75d6f1a483b68eed97c830a506cc589f8b4",
    "https://deno.land/std@0.201.0/path/_from_file_url.ts": "6eadfae2e6f63ad9ee46b26db4a1b16583055c0392acedfb50ed2fc694b6f581",
    "https://deno.land/std@0.201.0/path/_interface.ts": "6471159dfbbc357e03882c2266d21ef9afdb1e4aa771b0545e90db58a0ba314b",
    "https://deno.land/std@0.201.0/path/_is_absolute.ts": "05dac10b5e93c63198b92e3687baa2be178df5321c527dc555266c0f4f51558c",
    "https://deno.land/std@0.201.0/path/_join.ts": "815f5e85b042285175b1492dd5781240ce126c23bd97bad6b8211fe7129c538e",
    "https://deno.land/std@0.201.0/path/_normalize.ts": "a19ec8706b2707f9dd974662a5cd89fad438e62ab1857e08b314a8eb49a34d81",
    "https://deno.land/std@0.201.0/path/_os.ts": "d932f56d41e4f6a6093d56044e29ce637f8dcc43c5a90af43504a889cf1775e3",
    "https://deno.land/std@0.201.0/path/_parse.ts": "0f9b0ff43682dd9964eb1c4398610c4e165d8db9d3ac9d594220217adf480cfa",
    "https://deno.land/std@0.201.0/path/_relative.ts": "27bdeffb5311a47d85be26d37ad1969979359f7636c5cd9fcf05dcd0d5099dc5",
    "https://deno.land/std@0.201.0/path/_resolve.ts": "7a3616f1093735ed327e758313b79c3c04ea921808ca5f19ddf240cb68d0adf6",
    "https://deno.land/std@0.201.0/path/_to_file_url.ts": "a141e4a525303e1a3a0c0571fd024552b5f3553a2af7d75d1ff3a503dcbb66d8",
    "https://deno.land/std@0.201.0/path/_to_namespaced_path.ts": "0d5f4caa2ed98ef7a8786286df6af804b50e38859ae897b5b5b4c8c5930a75c8",
    "https://deno.land/std@0.201.0/path/_util.ts": "4e191b1bac6b3bf0c31aab42e5ca2e01a86ab5a0d2e08b75acf8585047a86221",
    "https://deno.land/std@0.201.0/path/basename.ts": "bdfa5a624c6a45564dc6758ef2077f2822978a6dbe77b0a3514f7d1f81362930",
    "https://deno.land/std@0.201.0/path/common.ts": "ee7505ab01fd22de3963b64e46cff31f40de34f9f8de1fff6a1bd2fe79380000",
    "https://deno.land/std@0.201.0/path/dirname.ts": "b6533f4ee4174a526dec50c279534df5345836dfdc15318400b08c62a62a39dd",
    "https://deno.land/std@0.201.0/path/extname.ts": "62c4b376300795342fe1e4746c0de518b4dc9c4b0b4617bfee62a2973a9555cf",
    "https://deno.land/std@0.201.0/path/format.ts": "110270b238514dd68455a4c54956215a1aff7e37e22e4427b7771cefe1920aa5",
    "https://deno.land/std@0.201.0/path/from_file_url.ts": "9f5cb58d58be14c775ec2e57fc70029ac8b17ed3bd7fe93e475b07280adde0ac",
    "https://deno.land/std@0.201.0/path/glob.ts": "593e2c3573883225c25c5a21aaa8e9382a696b8e175ea20a3b6a1471ad17aaed",
    "https://deno.land/std@0.201.0/path/is_absolute.ts": "0b92eb35a0a8780e9f16f16bb23655b67dace6a8e0d92d42039e518ee38103c1",
    "https://deno.land/std@0.201.0/path/join.ts": "31c5419f23d91655b08ec7aec403f4e4cd1a63d39e28f6e42642ea207c2734f8",
    "https://deno.land/std@0.201.0/path/mod.ts": "6e1efb0b13121463aedb53ea51dabf5639a3172ab58c89900bbb72b486872532",
    "https://deno.land/std@0.201.0/path/normalize.ts": "6ea523e0040979dd7ae2f1be5bf2083941881a252554c0f32566a18b03021955",
    "https://deno.land/std@0.201.0/path/parse.ts": "be8de342bb9e1924d78dc4d93c45215c152db7bf738ec32475560424b119b394",
    "https://deno.land/std@0.201.0/path/posix.ts": "0a1c1952d132323a88736d03e92bd236f3ed5f9f079e5823fae07c8d978ee61b",
    "https://deno.land/std@0.201.0/path/relative.ts": "8bedac226afd360afc45d451a6c29fabceaf32978526bcb38e0c852661f66c61",
    "https://deno.land/std@0.201.0/path/resolve.ts": "133161e4949fc97f9ca67988d51376b0f5eef8968a6372325ab84d39d30b80dc",
    "https://deno.land/std@0.201.0/path/separator.ts": "40a3e9a4ad10bef23bc2cd6c610291b6c502a06237c2c4cd034a15ca78dedc1f",
    "https://deno.land/std@0.201.0/path/to_file_url.ts": "00e6322373dd51ad109956b775e4e72e5f9fa68ce2c6b04e4af2a6eed3825d31",
    "https://deno.land/std@0.201.0/path/to_namespaced_path.ts": "1b1db3055c343ab389901adfbda34e82b7386bcd1c744d54f9c1496ee0fd0c3d",
    "https://deno.land/std@0.201.0/path/win32.ts": "8b3f80ef7a462511d5e8020ff490edcaa0a0d118f1b1e9da50e2916bdd73f9dd",
    "https://deno.land/std@0.203.0/assert/_constants.ts": "8a9da298c26750b28b326b297316cdde860bc237533b07e1337c021379e6b2a9",
    "https://deno.land/std@0.203.0/assert/_diff.ts": "1a3c044aedf77647d6cac86b798c6417603361b66b54c53331b312caeb447aea",
    "https://deno.land/std@0.203.0/assert/_format.ts": "a69126e8a469009adf4cf2a50af889aca364c349797e63174884a52ff75cf4c7",
    "https://deno.land/std@0.203.0/assert/assert.ts": "9a97dad6d98c238938e7540736b826440ad8c1c1e54430ca4c4e623e585607ee",
    "https://deno.land/std@0.203.0/assert/assert_equals.ts": "d8ec8a22447fbaf2fc9d7c3ed2e66790fdb74beae3e482855d75782218d68227",
    "https://deno.land/std@0.203.0/assert/assert_instance_of.ts": "3aedb3d8186e120812d2b3a5dea66a6e42bf8c57a8bd927645770bd21eea554c",
    "https://deno.land/std@0.203.0/assert/assertion_error.ts": "4d0bde9b374dfbcbe8ac23f54f567b77024fb67dbb1906a852d67fe050d42f56",
    "https://deno.land/std@0.203.0/assert/equal.ts": "9f1a46d5993966d2596c44e5858eec821859b45f783a5ee2f7a695dfc12d8ece",
    "https://deno.land/std@0.203.0/bytes/copy.ts": "939d89e302a9761dcf1d9c937c7711174ed74c59eef40a1e4569a05c9de88219",
    "https://deno.land/std@0.203.0/fmt/colors.ts": "c51c4642678eb690dcf5ffee5918b675bf01a33fba82acf303701ae1a4f8c8d9",
    "https://deno.land/std@0.203.0/io/buffer.ts": "2108faba32659e5a390bb59b1b4578ff0120b185d9310dd6fbf3b3a3d5775715",
    "https://deno.land/std@0.203.0/path/_basename.ts": "057d420c9049821f983f784fd87fa73ac471901fb628920b67972b0f44319343",
    "https://deno.land/std@0.203.0/path/_constants.ts": "e49961f6f4f48039c0dfed3c3f93e963ca3d92791c9d478ac5b43183413136e0",
    "https://deno.land/std@0.203.0/path/_dirname.ts": "355e297236b2218600aee7a5301b937204c62e12da9db4b0b044993d9e658395",
    "https://deno.land/std@0.203.0/path/_extname.ts": "eaaa5aae1acf1f03254d681bd6a8ce42a9cb5b7ff2213a9d4740e8ab31283664",
    "https://deno.land/std@0.203.0/path/_format.ts": "4a99270d6810f082e614309164fad75d6f1a483b68eed97c830a506cc589f8b4",
    "https://deno.land/std@0.203.0/path/_from_file_url.ts": "6eadfae2e6f63ad9ee46b26db4a1b16583055c0392acedfb50ed2fc694b6f581",
    "https://deno.land/std@0.203.0/path/_interface.ts": "6471159dfbbc357e03882c2266d21ef9afdb1e4aa771b0545e90db58a0ba314b",
    "https://deno.land/std@0.203.0/path/_is_absolute.ts": "05dac10b5e93c63198b92e3687baa2be178df5321c527dc555266c0f4f51558c",
    "https://deno.land/std@0.203.0/path/_join.ts": "815f5e85b042285175b1492dd5781240ce126c23bd97bad6b8211fe7129c538e",
    "https://deno.land/std@0.203.0/path/_normalize.ts": "a19ec8706b2707f9dd974662a5cd89fad438e62ab1857e08b314a8eb49a34d81",
    "https://deno.land/std@0.203.0/path/_os.ts": "30b0c2875f360c9296dbe6b7f2d528f0f9c741cecad2e97f803f5219e91b40a2",
    "https://deno.land/std@0.203.0/path/_parse.ts": "0f9b0ff43682dd9964eb1c4398610c4e165d8db9d3ac9d594220217adf480cfa",
    "https://deno.land/std@0.203.0/path/_relative.ts": "27bdeffb5311a47d85be26d37ad1969979359f7636c5cd9fcf05dcd0d5099dc5",
    "https://deno.land/std@0.203.0/path/_resolve.ts": "7a3616f1093735ed327e758313b79c3c04ea921808ca5f19ddf240cb68d0adf6",
    "https://deno.land/std@0.203.0/path/_to_file_url.ts": "a141e4a525303e1a3a0c0571fd024552b5f3553a2af7d75d1ff3a503dcbb66d8",
    "https://deno.land/std@0.203.0/path/_to_namespaced_path.ts": "0d5f4caa2ed98ef7a8786286df6af804b50e38859ae897b5b5b4c8c5930a75c8",
    "https://deno.land/std@0.203.0/path/_util.ts": "4e191b1bac6b3bf0c31aab42e5ca2e01a86ab5a0d2e08b75acf8585047a86221",
    "https://deno.land/std@0.203.0/path/basename.ts": "bdfa5a624c6a45564dc6758ef2077f2822978a6dbe77b0a3514f7d1f81362930",
    "https://deno.land/std@0.203.0/path/common.ts": "ee7505ab01fd22de3963b64e46cff31f40de34f9f8de1fff6a1bd2fe79380000",
    "https://deno.land/std@0.203.0/path/dirname.ts": "b6533f4ee4174a526dec50c279534df5345836dfdc15318400b08c62a62a39dd",
    "https://deno.land/std@0.203.0/path/extname.ts": "62c4b376300795342fe1e4746c0de518b4dc9c4b0b4617bfee62a2973a9555cf",
    "https://deno.land/std@0.203.0/path/format.ts": "110270b238514dd68455a4c54956215a1aff7e37e22e4427b7771cefe1920aa5",
    "https://deno.land/std@0.203.0/path/from_file_url.ts": "9f5cb58d58be14c775ec2e57fc70029ac8b17ed3bd7fe93e475b07280adde0ac",
    "https://deno.land/std@0.203.0/path/glob.ts": "593e2c3573883225c25c5a21aaa8e9382a696b8e175ea20a3b6a1471ad17aaed",
    "https://deno.land/std@0.203.0/path/is_absolute.ts": "0b92eb35a0a8780e9f16f16bb23655b67dace6a8e0d92d42039e518ee38103c1",
    "https://deno.land/std@0.203.0/path/join.ts": "31c5419f23d91655b08ec7aec403f4e4cd1a63d39e28f6e42642ea207c2734f8",
    "https://deno.land/std@0.203.0/path/mod.ts": "6e1efb0b13121463aedb53ea51dabf5639a3172ab58c89900bbb72b486872532",
    "https://deno.land/std@0.203.0/path/normalize.ts": "6ea523e0040979dd7ae2f1be5bf2083941881a252554c0f32566a18b03021955",
    "https://deno.land/std@0.203.0/path/parse.ts": "be8de342bb9e1924d78dc4d93c45215c152db7bf738ec32475560424b119b394",
    "https://deno.land/std@0.203.0/path/posix.ts": "0a1c1952d132323a88736d03e92bd236f3ed5f9f079e5823fae07c8d978ee61b",
    "https://deno.land/std@0.203.0/path/relative.ts": "8bedac226afd360afc45d451a6c29fabceaf32978526bcb38e0c852661f66c61",
    "https://deno.land/std@0.203.0/path/resolve.ts": "133161e4949fc97f9ca67988d51376b0f5eef8968a6372325ab84d39d30b80dc",
    "https://deno.land/std@0.203.0/path/separator.ts": "40a3e9a4ad10bef23bc2cd6c610291b6c502a06237c2c4cd034a15ca78dedc1f",
    "https://deno.land/std@0.203.0/path/to_file_url.ts": "00e6322373dd51ad109956b775e4e72e5f9fa68ce2c6b04e4af2a6eed3825d31",
    "https://deno.land/std@0.203.0/path/to_namespaced_path.ts": "1b1db3055c343ab389901adfbda34e82b7386bcd1c744d54f9c1496ee0fd0c3d",
    "https://deno.land/std@0.203.0/path/win32.ts": "8b3f80ef7a462511d5e8020ff490edcaa0a0d118f1b1e9da50e2916bdd73f9dd",
    "https://deno.land/std@0.203.0/streams/read_all.ts": "3b20a50af87d1bfebefa9c2dbda49e2b214d8ab0382ffdcc8ce858af80a912be",
    "https://deno.land/std@0.203.0/testing/_test_suite.ts": "30f018feeb3835f12ab198d8a518f9089b1bcb2e8c838a8b615ab10d5005465c",
    "https://deno.land/std@0.203.0/testing/bdd.ts": "3f446df5ef8e856a869e8eec54c8482590415741ff0b6358a00c43486cc15769",
    "https://deno.land/std@0.69.0/encoding/base64.ts": "79c67b8a9d911eff89cafd84749587a2851a7bb3bed4e952f6cf4c2ff97ae120",
    "https://deno.land/std@0.69.0/encoding/hex.ts": "8dc1489e66b22fec26950c7a55391b12be0d9f9a80cbc7b422700cdff85cd2f7",
    "https://deno.land/std@0.69.0/encoding/utf8.ts": "8654fa820aa69a37ec5eb11908e20b39d056c9bf1c23ab294303ff467f3d50a1",
    "https://deno.land/std@0.69.0/fmt/colors.ts": "ce9375edade12ca09c257743f223fc469d72578d0c74a55cbf1a34f6198ce3df",
    "https://deno.land/std@0.69.0/hash/_wasm/hash.ts": "005f64c4d9343ecbc91e0da9ae5e800f146c20930ad829bbb872c5c06bd89c5f",
    "https://deno.land/std@0.69.0/hash/_wasm/wasm.js": "10c91f7551443bd49b8ced10df7d5c2ce9a447d224eccc6d51f77730e074cdfe",
    "https://deno.land/std@0.69.0/hash/hasher.ts": "099c9e2a91b9f106b9f01379705e17e7d9de392ee1ea2b8684a2adfa82ac3bfc",
    "https://deno.land/std@0.69.0/hash/mod.ts": "e764a6a9ab2f5519a97f928e17cc13d984e3dd5c7f742ff9c1c8fb3114790f0c",
    "https://deno.land/x/debug@0.2.0/colors.ts": "a05af5a6bc4fabb79db34ca215f177f010eafe09a3cd2278e142a122bfab5585",
    "https://deno.land/x/debug@0.2.0/debug.ts": "6378213af1826e6ad870d8ffb075336ce64ea33b472ea952a38fcd6b68ee54ec",
    "https://deno.land/x/debug@0.2.0/deps.ts": "c00793c24e4d0a15c796c7ef3b9a9a3ac4ea06cad9ef7c68bcb538310e262ea0",
    "https://deno.land/x/debug@0.2.0/format.ts": "e5c81071cdb2e529b2dc3aa379428217a49af45bf59b6511812e2bba9023f1bc",
    "https://deno.land/x/debug@0.2.0/mod.ts": "32e961550c7358a88a9bb2606ac70eeb168305298f5ae1e9536018d8f0c54118",
    "https://deno.land/x/quiet_debug@v1.0.0/mod.ts": "4f21865c4b4f5ec27f8a4c5fb620b24401b76590688d7fe34bc5f862d0c4a335",
    "https://deno.land/x/superserial@0.3.4/deserialize.ts": "444c0d2017bc30665c0db00dd1980e35b53fbe2aa1ce1fcda45e7c5d4609ffce",
    "https://deno.land/x/superserial@0.3.4/mod.ts": "c3202f75812fc7e81088bebfa40b7901d3fa58724380707438a569d6a2e0ec47",
    "https://deno.land/x/superserial@0.3.4/parse.ts": "9fab6ce12f5879265fd0cf2898b06014d419e5193dc1656547153f267abd184e",
    "https://deno.land/x/superserial@0.3.4/serialize.ts": "d06b863ee27dadb56e9e67e6a72bf3e1ba8be146c46c59f3a95b88e725182b2b",
    "https://deno.land/x/superserial@0.3.4/serializer.ts": "92fc99459d7daf2d6dce1d0b320fc63eb379d93023bd9f1720ebd310699c4a72",
    "https://deno.land/x/superserial@0.3.4/symbol.ts": "1b2d5edbe4876716ca75ec37be691bc217cdda702f39c4d7541aec604e01abac",
    "https://deno.land/x/superserial@0.3.4/types.ts": "ff18d7a3a52b549928392c2de8c12193abf184f0ecf8ec259de3a8f87cd3ffe3",
    "https://deno.land/x/websocket_broadcastchannel@0.8.0/mod.ts": "09992c22ce748cbbdf9e3e2abf1bcf4a3c64cf37d0efde59ffd87c51f5d6cdbd",
    "https://deno.land/x/websocket_broadcastchannel@0.8.0/src/client-servers.ts": "d3c78434a1e81038c8618f4566079d828e05edfdfd2fa0871e910bbc5e9f8fac",
    "https://deno.land/x/websocket_broadcastchannel@0.8.0/src/create-broadcast-channel.ts": "840de6253d02dca04a5bc672149e764c85f097c76e4401ce0a2e2916dd01bf95",
    "https://deno.land/x/websocket_broadcastchannel@0.8.0/src/default-websocket-url.ts": "7944c870318531a282d56b9b2a092f9b36bfcdd447fdc9152b7e903c5204538a",
    "https://deno.land/x/websocket_broadcastchannel@0.8.0/src/fn.ts": "b07860c20fc0a65bf1c711516edc38e1029c2da83d4651ca835e915dcfc62d5e",
    "https://deno.land/x/websocket_broadcastchannel@0.8.0/src/id-url-channel.ts": "877a149e959d035c413cf3b467289c57ba9559717293370e390ff687ff4b5fc2",
    "https://deno.land/x/websocket_broadcastchannel@0.8.0/src/id-url.ts": "c84e60eaca2276fb9ae838d9bc87d5b44055a2665725f964b55dcea12006334c",
    "https://deno.land/x/websocket_broadcastchannel@0.8.0/src/log.ts": "256044015400aaa6b6b8ce9ccbe2b126f57550c4defc1c56fcb0cdfd7a9e09d4",
    "https://deno.land/x/websocket_broadcastchannel@0.8.0/src/multiplex-message.ts": "18eaca537729a98701d863a19be02c363f591023b412c4a952d482f55d1d1a74",
    "https://deno.land/x/websocket_broadcastchannel@0.8.0/src/one-time-fuse.ts": "5a4d3b22432ece6b3703888b0accd48cfee189f38ca8d7be50b21ec819eff4db",
    "https://deno.land/x/websocket_broadcastchannel@0.8.0/src/polyfill-broadcast-channel.ts": "83b2601b3662a63dac06ecc2640088ebc96196cebadc86444163aadaad9b232d",
    "https://deno.land/x/websocket_broadcastchannel@0.8.0/src/promise-queue.ts": "fcf71f409244afdb84ae2b7f604db24157e2a8830d4c8c48c42d68aa9551f0b0",
    "https://deno.land/x/websocket_broadcastchannel@0.8.0/src/serve-web-socket.ts": "c2a359115d705feb611a26d086f7032331d11d12a7bad7a97419a90f13bdd5bc",
    "https://deno.land/x/websocket_broadcastchannel@0.8.0/src/state-machine.ts": "b756980b96ad36fdf65e6fc467a09b4a70f98a827e6c2151ddf3741444114c83",
    "https://deno.land/x/websocket_broadcastchannel@0.8.0/src/types.ts": "82dfb22fc0d1662963f82ff4a1f189e303c836ffcbc8f92a0bdc98d79f7ac5e5",
    "https://deno.land/x/websocket_broadcastchannel@0.8.0/src/using.ts": "7bc05f5195b6e60cf44e8fc6974ed5a0d8cc73e0494b1aebeb43e8aeddff12a0",
    "https://deno.land/x/websocket_broadcastchannel@0.8.0/src/web-socket-broadcast-channel.ts": "7ac8e8a0eb4fb88fd85e1f1098216f8a15a530ad5987c38ecb8e8cc6ff589941",
    "https://deno.land/x/websocket_broadcastchannel@0.8.0/src/web-socket-client-server.ts": "51606abf77e669448b6b2a37c3d068b56bf591246507701228e6b92e035d5324",
    "https://deno.land/x/websocket_broadcastchannel@0.8.0/src/web-socket-server.ts": "08326428496176b0b4089b5ac1f702ddc9ddc12f3859024a2e8edfa33656c709"
  }
}
